
Microsoft Visual Studio Solution File, Format Version 12.00
# Visual Studio Version 16
VisualStudioVersion = 16.0.30523.141
MinimumVisualStudioVersion = 10.0.40219.1
Project("{8BC9CEB8-8B4A-11D0-8D11-00A0C91BC942}") = "RCT3D", "RCT3D.vcxproj", "{5428D150-D7B5-4673-8B51-F7184D3FA963}"
	ProjectSection(ProjectDependencies) = postProject
		{7539DCD3-489E-493C-956F-445FB649078F} = {7539DCD3-489E-493C-956F-445FB649078F}
	EndProjectSection
EndProject
Project("{8BC9CEB8-8B4A-11D0-8D11-00A0C91BC942}") = "RtCommandAnalyzer", "..\Library\RtCommandAnalyzer\RtCommandAnalyzer.vcxproj", "{7539DCD3-489E-493C-956F-445FB649078F}"
	ProjectSection(ProjectDependencies) = postProject
		{1B664A17-DD85-4E85-8546-3655FACA8825} = {1B664A17-DD85-4E85-8546-3655FACA8825}
		{C20AEC1D-49A3-40EC-B0F0-4180FA14E421} = {C20AEC1D-49A3-40EC-B0F0-4180FA14E421}
		{B30055A4-E878-4BFD-8531-F6BFB229E831} = {B30055A4-E878-4BFD-8531-F6BFB229E831}
	EndProjectSection
EndProject
Project("{8BC9CEB8-8B4A-11D0-8D11-00A0C91BC942}") = "RtHpsInterface", "..\Library\RtHpsInterface\RtHpsInterface.vcxproj", "{B30055A4-E878-4BFD-8531-F6BFB229E831}"
EndProject
Project("{8BC9CEB8-8B4A-11D0-8D11-00A0C91BC942}") = "Rt3dxInterface", "..\Library\Rt3dxInterface\Rt3dxInterface.vcxproj", "{C20AEC1D-49A3-40EC-B0F0-4180FA14E421}"
EndProject
Project("{8BC9CEB8-8B4A-11D0-8D11-00A0C91BC942}") = "RtC3dInterface", "..\Library\RtC3dInterface\RtC3dInterface.vcxproj", "{1B664A17-DD85-4E85-8546-3655FACA8825}"
EndProject
Project("{2150E333-8FDC-42A3-9474-1A3956D46DE8}") = "Solution Items", "Solution Items", "{E2BB3C51-BA99-4024-A2E0-589883FD819C}"
	ProjectSection(SolutionItems) = preProject
		..\.editorconfig = ..\.editorconfig
	EndProjectSection
EndProject
Global
	GlobalSection(SolutionConfigurationPlatforms) = preSolution
		Debug|x64 = Debug|x64
		Debug|x86 = Debug|x86
		Release|x64 = Release|x64
		Release|x86 = Release|x86
	EndGlobalSection
	GlobalSection(ProjectConfigurationPlatforms) = postSolution
		{5428D150-D7B5-4673-8B51-F7184D3FA963}.Debug|x64.ActiveCfg = Debug|x64
		{5428D150-D7B5-4673-8B51-F7184D3FA963}.Debug|x64.Build.0 = Debug|x64
		{5428D150-D7B5-4673-8B51-F7184D3FA963}.Debug|x86.ActiveCfg = Debug|Win32
		{5428D150-D7B5-4673-8B51-F7184D3FA963}.Debug|x86.Build.0 = Debug|Win32
		{5428D150-D7B5-4673-8B51-F7184D3FA963}.Release|x64.ActiveCfg = Release|x64
		{5428D150-D7B5-4673-8B51-F7184D3FA963}.Release|x64.Build.0 = Release|x64
		{5428D150-D7B5-4673-8B51-F7184D3FA963}.Release|x86.ActiveCfg = Release|Win32
		{5428D150-D7B5-4673-8B51-F7184D3FA963}.Release|x86.Build.0 = Release|Win32
		{7539DCD3-489E-493C-956F-445FB649078F}.Debug|x64.ActiveCfg = Debug|x64
		{7539DCD3-489E-493C-956F-445FB649078F}.Debug|x64.Build.0 = Debug|x64
		{7539DCD3-489E-493C-956F-445FB649078F}.Debug|x86.ActiveCfg = Debug|Win32
		{7539DCD3-489E-493C-956F-445FB649078F}.Debug|x86.Build.0 = Debug|Win32
		{7539DCD3-489E-493C-956F-445FB649078F}.Release|x64.ActiveCfg = Release|x64
		{7539DCD3-489E-493C-956F-445FB649078F}.Release|x64.Build.0 = Release|x64
		{7539DCD3-489E-493C-956F-445FB649078F}.Release|x86.ActiveCfg = Release|Win32
		{7539DCD3-489E-493C-956F-445FB649078F}.Release|x86.Build.0 = Release|Win32
		{B30055A4-E878-4BFD-8531-F6BFB229E831}.Debug|x64.ActiveCfg = Debug|x64
		{B30055A4-E878-4BFD-8531-F6BFB229E831}.Debug|x64.Build.0 = Debug|x64
		{B30055A4-E878-4BFD-8531-F6BFB229E831}.Debug|x86.ActiveCfg = Debug|Win32
		{B30055A4-E878-4BFD-8531-F6BFB229E831}.Debug|x86.Build.0 = Debug|Win32
		{B30055A4-E878-4BFD-8531-F6BFB229E831}.Release|x64.ActiveCfg = Release|x64
		{B30055A4-E878-4BFD-8531-F6BFB229E831}.Release|x64.Build.0 = Release|x64
		{B30055A4-E878-4BFD-8531-F6BFB229E831}.Release|x86.ActiveCfg = Release|Win32
		{B30055A4-E878-4BFD-8531-F6BFB229E831}.Release|x86.Build.0 = Release|Win32
		{C20AEC1D-49A3-40EC-B0F0-4180FA14E421}.Debug|x64.ActiveCfg = Debug|x64
		{C20AEC1D-49A3-40EC-B0F0-4180FA14E421}.Debug|x64.Build.0 = Debug|x64
		{C20AEC1D-49A3-40EC-B0F0-4180FA14E421}.Debug|x86.ActiveCfg = Debug|Win32
		{C20AEC1D-49A3-40EC-B0F0-4180FA14E421}.Debug|x86.Build.0 = Debug|Win32
		{C20AEC1D-49A3-40EC-B0F0-4180FA14E421}.Release|x64.ActiveCfg = Release|x64
		{C20AEC1D-49A3-40EC-B0F0-4180FA14E421}.Release|x64.Build.0 = Release|x64
		{C20AEC1D-49A3-40EC-B0F0-4180FA14E421}.Release|x86.ActiveCfg = Release|Win32
		{C20AEC1D-49A3-40EC-B0F0-4180FA14E421}.Release|x86.Build.0 = Release|Win32
		{1B664A17-DD85-4E85-8546-3655FACA8825}.Debug|x64.ActiveCfg = Debug|x64
		{1B664A17-DD85-4E85-8546-3655FACA8825}.Debug|x64.Build.0 = Debug|x64
		{1B664A17-DD85-4E85-8546-3655FACA8825}.Debug|x86.ActiveCfg = Debug|Win32
		{1B664A17-DD85-4E85-8546-3655FACA8825}.Debug|x86.Build.0 = Debug|Win32
		{1B664A17-DD85-4E85-8546-3655FACA8825}.Release|x64.ActiveCfg = Release|x64
		{1B664A17-DD85-4E85-8546-3655FACA8825}.Release|x64.Build.0 = Release|x64
		{1B664A17-DD85-4E85-8546-3655FACA8825}.Release|x86.ActiveCfg = Release|Win32
		{1B664A17-DD85-4E85-8546-3655FACA8825}.Release|x86.Build.0 = Release|Win32
	EndGlobalSection
	GlobalSection(SolutionProperties) = preSolution
		HideSolutionNode = FALSE
	EndGlobalSection
	GlobalSection(ExtensibilityGlobals) = postSolution
		SolutionGuid = {ED438C8A-7B61-4CCA-80EE-E047D66B5CDA}
	EndGlobalSection
EndGlobal
