<?xml version="1.0" encoding="utf-8"?>
<Project ToolsVersion="4.0" xmlns="http://schemas.microsoft.com/developer/msbuild/2003">
  <ItemGroup>
    <ClCompile Include="Dlg.Base.cpp">
      <Filter>Dialog</Filter>
    </ClCompile>
    <ClCompile Include="Dlg.Standard.cpp">
      <Filter>Dialog</Filter>
    </ClCompile>
    <ClCompile Include="..\Library\Common\Json.cpp">
      <Filter>.Common</Filter>
    </ClCompile>
    <ClCompile Include="..\Library\Common\WStr.cpp">
      <Filter>.Common</Filter>
    </ClCompile>
    <ClCompile Include="..\Library\Common\Path.cpp">
      <Filter>.Common</Filter>
    </ClCompile>
    <ClCompile Include="stdafx.cpp">
      <Filter>.Main</Filter>
    </ClCompile>
    <ClCompile Include="..\Library\Common\Common_Define.cpp">
      <Filter>.Common</Filter>
    </ClCompile>
    <ClCompile Include="..\Library\Common\Fio.cpp">
      <Filter>.Common</Filter>
    </ClCompile>
    <ClCompile Include="..\Library\Common\Dir.cpp">
      <Filter>.Common</Filter>
    </ClCompile>
    <ClCompile Include="..\Library\Common\File.cpp">
      <Filter>.Common</Filter>
    </ClCompile>
    <ClCompile Include="Ast.Base.cpp">
      <Filter>Asset</Filter>
    </ClCompile>
    <ClCompile Include="Cmd.Base.cpp">
      <Filter>Command</Filter>
    </ClCompile>
    <ClCompile Include="..\Library\Signal\WorkerThread.cpp">
      <Filter>.Signal</Filter>
    </ClCompile>
    <ClCompile Include="..\Library\Signal\Signal2d.cpp">
      <Filter>.Signal</Filter>
    </ClCompile>
    <ClCompile Include="..\Library\Signal\Signal3d.cpp">
      <Filter>.Signal</Filter>
    </ClCompile>
    <ClCompile Include="Cmd.Circle2d.cpp">
      <Filter>Command</Filter>
    </ClCompile>
    <ClCompile Include="Cmd.Line2d.cpp">
      <Filter>Command</Filter>
    </ClCompile>
    <ClCompile Include="Cmd.VisualEffects3d.cpp">
      <Filter>Command</Filter>
    </ClCompile>
    <ClCompile Include="Ctl.TreePropList.cpp">
      <Filter>Control</Filter>
    </ClCompile>
    <ClCompile Include="Ctl.TreeCtrlEx.cpp">
      <Filter>Control</Filter>
    </ClCompile>
    <ClCompile Include="Ctl.cpp">
      <Filter>Control\Base</Filter>
    </ClCompile>
    <ClCompile Include="Ctl.CheckListBox.cpp">
      <Filter>Control</Filter>
    </ClCompile>
    <ClCompile Include="Ctl.ContextMenu.cpp">
      <Filter>Control</Filter>
    </ClCompile>
    <ClCompile Include="Ctl.PopupMenu.cpp">
      <Filter>Control</Filter>
    </ClCompile>
    <ClCompile Include="Ctl.Properties.cpp">
      <Filter>Control</Filter>
    </ClCompile>
    <ClCompile Include="Ctl.PropList.cpp">
      <Filter>Control</Filter>
    </ClCompile>
    <ClCompile Include="Ctl.ToolBar.cpp">
      <Filter>Control</Filter>
    </ClCompile>
    <ClCompile Include="Geometry.cpp">
      <Filter>Working</Filter>
    </ClCompile>
    <ClCompile Include="Geometry.UserDataFiler.cpp">
      <Filter>Working</Filter>
    </ClCompile>
    <ClCompile Include="Graphic.cpp">
      <Filter>Working</Filter>
    </ClCompile>
    <ClCompile Include="Graphic.Manager.cpp">
      <Filter>Working</Filter>
    </ClCompile>
    <ClCompile Include="Cmd.Test.cpp">
      <Filter>Command</Filter>
    </ClCompile>
    <ClCompile Include="Dlg.cpp">
      <Filter>Dialog\Base</Filter>
    </ClCompile>
    <ClCompile Include="Dlg.ProgressBar.cpp">
      <Filter>Dialog</Filter>
    </ClCompile>
    <ClCompile Include="Dlg.ObjectSnaps.cpp">
      <Filter>Dialog</Filter>
    </ClCompile>
    <ClCompile Include="Dlg.DebugTracer.cpp">
      <Filter>Dialog</Filter>
    </ClCompile>
    <ClCompile Include="Dlg.Folders.cpp">
      <Filter>Dialog</Filter>
    </ClCompile>
    <ClCompile Include="Dlg.AppOptions.cpp">
      <Filter>Dialog</Filter>
    </ClCompile>
    <ClCompile Include="Wnd.cpp">
      <Filter>Window\Base</Filter>
    </ClCompile>
    <ClCompile Include="Wnd.Application.cpp">
      <Filter>Window</Filter>
    </ClCompile>
    <ClCompile Include="Wnd.ChildFrame.cpp">
      <Filter>Window</Filter>
    </ClCompile>
    <ClCompile Include="Wnd.MainFrame.cpp">
      <Filter>Window</Filter>
    </ClCompile>
    <ClCompile Include="Wnd.Document.cpp">
      <Filter>Window</Filter>
    </ClCompile>
    <ClCompile Include="Wnd.View.cpp">
      <Filter>Window</Filter>
    </ClCompile>
    <ClCompile Include="Wnd.View2d.cpp">
      <Filter>Window</Filter>
    </ClCompile>
    <ClCompile Include="Wnd.View3d.cpp">
      <Filter>Window</Filter>
    </ClCompile>
    <ClCompile Include="Cmd.Indexer.cpp">
      <Filter>Command</Filter>
    </ClCompile>
    <ClCompile Include="Ast.cpp">
      <Filter>Asset\Base</Filter>
    </ClCompile>
    <ClCompile Include="Ast.AppOptions.cpp">
      <Filter>Asset</Filter>
    </ClCompile>
    <ClCompile Include="Ast.AppResources.cpp">
      <Filter>Asset</Filter>
    </ClCompile>
    <ClCompile Include="Cmd.cpp">
      <Filter>Command\Base</Filter>
    </ClCompile>
    <ClCompile Include="Ctl.Panel2dLayer.cpp">
      <Filter>SidePanel</Filter>
    </ClCompile>
    <ClCompile Include="Ctl.Panel3dModel.cpp">
      <Filter>SidePanel</Filter>
    </ClCompile>
    <ClCompile Include="Ctl.Panel3dLayer.cpp">
      <Filter>SidePanel</Filter>
    </ClCompile>
    <ClCompile Include="Ctl.Panels.cpp">
      <Filter>SidePanel</Filter>
    </ClCompile>
    <ClCompile Include="Ctl.Panel3dScene.cpp">
      <Filter>SidePanel</Filter>
    </ClCompile>
    <ClCompile Include="Ctl.Panel3dView.cpp">
      <Filter>SidePanel</Filter>
    </ClCompile>
    <ClCompile Include="Ctl.PanelBar.cpp">
      <Filter>SidePanel</Filter>
    </ClCompile>
    <ClCompile Include="Cls.UserIoManager.cpp">
      <Filter>UserIO</Filter>
    </ClCompile>
    <ClCompile Include="Ctl.StatusBar.cpp">
      <Filter>Window\Controls</Filter>
    </ClCompile>
    <ClCompile Include="Ctl.RibbonBar.cpp">
      <Filter>Window\Controls</Filter>
    </ClCompile>
    <ClCompile Include="Ctl.TaskPanel.cpp">
      <Filter>TaskPanel</Filter>
    </ClCompile>
    <ClCompile Include="Ctl.TaskBar.cpp">
      <Filter>TaskPanel</Filter>
    </ClCompile>
    <ClCompile Include="Uio.cpp">
      <Filter>UserIO\Base</Filter>
    </ClCompile>
    <ClCompile Include="Ctl.TabWnd.cpp">
      <Filter>SidePanel</Filter>
    </ClCompile>
    <ClCompile Include="Cls.PanelManager.cpp">
      <Filter>SidePanel</Filter>
    </ClCompile>
    <ClCompile Include="Cls.DioContainer.cpp">
      <Filter>UserIO</Filter>
    </ClCompile>
    <ClCompile Include="Ctl.CoordEdit.cpp">
      <Filter>Control</Filter>
    </ClCompile>
    <ClCompile Include="Cnt.cpp">
      <Filter>Window</Filter>
    </ClCompile>
    <ClCompile Include="Ctl.DynamicInput.cpp">
      <Filter>UserIO</Filter>
    </ClCompile>
    <ClCompile Include="Ctl.CommandBar.cpp">
      <Filter>UserIO</Filter>
    </ClCompile>
    <ClCompile Include="Wnd.Frame.cpp">
      <Filter>Window\Base</Filter>
    </ClCompile>
    <ClCompile Include="Ctl.TaskIoBar.cpp">
      <Filter>TaskPanel</Filter>
    </ClCompile>
  </ItemGroup>
  <ItemGroup>
    <ClInclude Include="Dlg.Base.h">
      <Filter>Dialog</Filter>
    </ClInclude>
    <ClInclude Include="Dlg.Standard.h">
      <Filter>Dialog</Filter>
    </ClInclude>
    <ClInclude Include="..\Library\Common\Json.h">
      <Filter>.Common</Filter>
    </ClInclude>
    <ClInclude Include="Resource.h">
      <Filter>.Main\Resource</Filter>
    </ClInclude>
    <ClInclude Include="..\Library\Common\WStr.h">
      <Filter>.Common</Filter>
    </ClInclude>
    <ClInclude Include="targetver.h">
      <Filter>.Main\Resource</Filter>
    </ClInclude>
    <ClInclude Include="..\Library\Common\Path.h">
      <Filter>.Common</Filter>
    </ClInclude>
    <ClInclude Include="stdafx.h">
      <Filter>.Main</Filter>
    </ClInclude>
    <ClInclude Include="..\Library\Common\Common_Define.h">
      <Filter>.Common</Filter>
    </ClInclude>
    <ClInclude Include="..\Library\Common\Fio.h">
      <Filter>.Common</Filter>
    </ClInclude>
    <ClInclude Include="..\Library\Common\Dir.h">
      <Filter>.Common</Filter>
    </ClInclude>
    <ClInclude Include="..\Library\Common\File.h">
      <Filter>.Common</Filter>
    </ClInclude>
    <ClInclude Include="Ast.Base.h">
      <Filter>Asset</Filter>
    </ClInclude>
    <ClInclude Include="Cmd.Base.h">
      <Filter>Command</Filter>
    </ClInclude>
    <ClInclude Include="..\Library\Signal\WorkerThread.h">
      <Filter>.Signal</Filter>
    </ClInclude>
    <ClInclude Include="..\Library\Common\Template.h">
      <Filter>.Common</Filter>
    </ClInclude>
    <ClInclude Include="..\Library\Signal\Signal2d.h">
      <Filter>.Signal</Filter>
    </ClInclude>
    <ClInclude Include="..\Library\Signal\Signal3d.h">
      <Filter>.Signal</Filter>
    </ClInclude>
    <ClInclude Include="Cmd.Circle2d.h">
      <Filter>Command</Filter>
    </ClInclude>
    <ClInclude Include="Cmd.Line2d.h">
      <Filter>Command</Filter>
    </ClInclude>
    <ClInclude Include="Cmd.VisualEffects3d.h">
      <Filter>Command</Filter>
    </ClInclude>
    <ClInclude Include="Ctl.TreePropList.h">
      <Filter>Control</Filter>
    </ClInclude>
    <ClInclude Include="Ctl.TreeCtrlEx.h">
      <Filter>Control</Filter>
    </ClInclude>
    <ClInclude Include="Ctl.h">
      <Filter>Control\Base</Filter>
    </ClInclude>
    <ClInclude Include="Ctl.CheckListBox.h">
      <Filter>Control</Filter>
    </ClInclude>
    <ClInclude Include="Ctl.ContextMenu.h">
      <Filter>Control</Filter>
    </ClInclude>
    <ClInclude Include="Ctl.PopupMenu.h">
      <Filter>Control</Filter>
    </ClInclude>
    <ClInclude Include="Ctl.Properties.h">
      <Filter>Control</Filter>
    </ClInclude>
    <ClInclude Include="Ctl.PropList.h">
      <Filter>Control</Filter>
    </ClInclude>
    <ClInclude Include="Ctl.ToolBar.h">
      <Filter>Control</Filter>
    </ClInclude>
    <ClInclude Include="Cmd.h">
      <Filter>Command\Base</Filter>
    </ClInclude>
    <ClInclude Include="Geometry.h">
      <Filter>Working</Filter>
    </ClInclude>
    <ClInclude Include="Geometry.UserDataFiler.h">
      <Filter>Working</Filter>
    </ClInclude>
    <ClInclude Include="Graphic.h">
      <Filter>Working</Filter>
    </ClInclude>
    <ClInclude Include="Graphic.Manager.h">
      <Filter>Working</Filter>
    </ClInclude>
    <ClInclude Include="Cmd.Test.h">
      <Filter>Command</Filter>
    </ClInclude>
    <ClInclude Include="Dlg.h">
      <Filter>Dialog\Base</Filter>
    </ClInclude>
    <ClInclude Include="Dlg.ProgressBar.h">
      <Filter>Dialog</Filter>
    </ClInclude>
    <ClInclude Include="Dlg.ObjectSnaps.h">
      <Filter>Dialog</Filter>
    </ClInclude>
    <ClInclude Include="Dlg.DebugTracer.h">
      <Filter>Dialog</Filter>
    </ClInclude>
    <ClInclude Include="Dlg.Folders.h">
      <Filter>Dialog</Filter>
    </ClInclude>
    <ClInclude Include="Dlg.AppOptions.h">
      <Filter>Dialog</Filter>
    </ClInclude>
    <ClInclude Include="Wnd.h">
      <Filter>Window\Base</Filter>
    </ClInclude>
    <ClInclude Include="Wnd.Application.h">
      <Filter>Window</Filter>
    </ClInclude>
    <ClInclude Include="Wnd.ChildFrame.h">
      <Filter>Window</Filter>
    </ClInclude>
    <ClInclude Include="Wnd.MainFrame.h">
      <Filter>Window</Filter>
    </ClInclude>
    <ClInclude Include="Wnd.Document.h">
      <Filter>Window</Filter>
    </ClInclude>
    <ClInclude Include="Wnd.View.h">
      <Filter>Window</Filter>
    </ClInclude>
    <ClInclude Include="Wnd.View2d.h">
      <Filter>Window</Filter>
    </ClInclude>
    <ClInclude Include="Wnd.View3d.h">
      <Filter>Window</Filter>
    </ClInclude>
    <ClInclude Include="Cmd.Common.h">
      <Filter>Command\Base</Filter>
    </ClInclude>
    <ClInclude Include="Cmd.Resource.h">
      <Filter>Command\Base</Filter>
    </ClInclude>
    <ClInclude Include="Cmd.Indexer.h">
      <Filter>Command</Filter>
    </ClInclude>
    <ClInclude Include="Ast.h">
      <Filter>Asset\Base</Filter>
    </ClInclude>
    <ClInclude Include="Ast.AppOptions.h">
      <Filter>Asset</Filter>
    </ClInclude>
    <ClInclude Include="Ast.AppResources.h">
      <Filter>Asset</Filter>
    </ClInclude>
    <ClInclude Include="Ctl.Panel2dLayer.h">
      <Filter>SidePanel</Filter>
    </ClInclude>
    <ClInclude Include="Ctl.Panel3dModel.h">
      <Filter>SidePanel</Filter>
    </ClInclude>
    <ClInclude Include="Ctl.Panel3dLayer.h">
      <Filter>SidePanel</Filter>
    </ClInclude>
    <ClInclude Include="Ctl.Panels.h">
      <Filter>SidePanel</Filter>
    </ClInclude>
    <ClInclude Include="Ctl.Panel3dScene.h">
      <Filter>SidePanel</Filter>
    </ClInclude>
    <ClInclude Include="Ctl.Panel3dView.h">
      <Filter>SidePanel</Filter>
    </ClInclude>
    <ClInclude Include="Ctl.PanelBar.h">
      <Filter>SidePanel</Filter>
    </ClInclude>
    <ClInclude Include="Cls.UserIoManager.h">
      <Filter>UserIO</Filter>
    </ClInclude>
    <ClInclude Include="Ctl.StatusBar.h">
      <Filter>Window\Controls</Filter>
    </ClInclude>
    <ClInclude Include="Ctl.RibbonBar.h">
      <Filter>Window\Controls</Filter>
    </ClInclude>
    <ClInclude Include="Ctl.TaskPanel.h">
      <Filter>TaskPanel</Filter>
    </ClInclude>
    <ClInclude Include="Ctl.TaskBar.h">
      <Filter>TaskPanel</Filter>
    </ClInclude>
    <ClInclude Include="Dio.h">
      <Filter>UserIO</Filter>
    </ClInclude>
    <ClInclude Include="Uio.h">
      <Filter>UserIO\Base</Filter>
    </ClInclude>
    <ClInclude Include="Ctl.TabWnd.h">
      <Filter>SidePanel</Filter>
    </ClInclude>
    <ClInclude Include="Cls.PanelManager.h">
      <Filter>SidePanel</Filter>
    </ClInclude>
    <ClInclude Include="Cls.DioContainer.h">
      <Filter>UserIO</Filter>
    </ClInclude>
    <ClInclude Include="Ctl.CoordEdit.h">
      <Filter>Control</Filter>
    </ClInclude>
    <ClInclude Include="Cnt.h">
      <Filter>Window</Filter>
    </ClInclude>
    <ClInclude Include="Ctl.DynamicInput.h">
      <Filter>UserIO</Filter>
    </ClInclude>
    <ClInclude Include="Ctl.CommandBar.h">
      <Filter>UserIO</Filter>
    </ClInclude>
    <ClInclude Include="Wnd.Frame.h">
      <Filter>Window\Base</Filter>
    </ClInclude>
    <ClInclude Include="Ctl.TaskIoBar.h">
      <Filter>TaskPanel</Filter>
    </ClInclude>
  </ItemGroup>
  <ItemGroup>
    <Xml Include="TODO.xml">
      <Filter>.Main\Resource</Filter>
    </Xml>
  </ItemGroup>
  <ItemGroup>
    <Image Include="res\DMI.ico">
      <Filter>.Main\Resource</Filter>
    </Image>
    <Image Include="res\DMIDoc.ico">
      <Filter>.Main\Resource</Filter>
    </Image>
  </ItemGroup>
  <ItemGroup>
    <None Include="RES\UI.json">
      <Filter>.Main\Resource</Filter>
    </None>
    <None Include="RES\DMI_ENU.rc2">
      <Filter>.Main\Resource</Filter>
    </None>
    <None Include="RES\DMI_KOR.rc2">
      <Filter>.Main\Resource</Filter>
    </None>
    <None Include="RES\DMI.rc2">
      <Filter>.Main\Resource</Filter>
    </None>
    <None Include="RES\Data.Preferences.json">
      <Filter>.Main\Resource</Filter>
    </None>
    <None Include="RES\Data.FileOptions.json">
      <Filter>.Main\Resource</Filter>
    </None>
    <None Include="RES\Dictionary.json">
      <Filter>.Main\Resource</Filter>
    </None>
    <None Include="RES\Dialogs.json">
      <Filter>.Main\Resource</Filter>
    </None>
  </ItemGroup>
  <ItemGroup>
    <Filter Include="Working">
      <UniqueIdentifier>{4d7c4082-24b8-4594-a68a-7b5f780f85b0}</UniqueIdentifier>
    </Filter>
    <Filter Include=".Common">
      <UniqueIdentifier>{fb2d04f0-eb3c-414a-af01-e993443a5070}</UniqueIdentifier>
    </Filter>
    <Filter Include=".Signal">
      <UniqueIdentifier>{3fa6ca85-306e-4855-8675-3bbd31f1539e}</UniqueIdentifier>
    </Filter>
    <Filter Include=".Main">
      <UniqueIdentifier>{5626235d-04b2-48ff-aa6a-b189a3f69c04}</UniqueIdentifier>
    </Filter>
    <Filter Include=".Main\Resource">
      <UniqueIdentifier>{c42b87a4-4dc7-4b9a-9df2-192721ac7010}</UniqueIdentifier>
    </Filter>
    <Filter Include="Asset">
      <UniqueIdentifier>{c01d14a0-5142-4118-a49b-dd83bfce121e}</UniqueIdentifier>
    </Filter>
    <Filter Include="Asset\Base">
      <UniqueIdentifier>{38aede9a-7346-4dcd-8dd3-ec0fb85b2074}</UniqueIdentifier>
    </Filter>
    <Filter Include="Command">
      <UniqueIdentifier>{64d47e27-6764-45be-a7d0-d9f90367c89d}</UniqueIdentifier>
    </Filter>
    <Filter Include="Command\Base">
      <UniqueIdentifier>{9d4018ff-d1c5-4b31-91a0-bd0f88257013}</UniqueIdentifier>
    </Filter>
    <Filter Include="Control">
      <UniqueIdentifier>{54e5b7f9-b1c6-4146-9960-ef402a5e0520}</UniqueIdentifier>
    </Filter>
    <Filter Include="Control\Base">
      <UniqueIdentifier>{3b389266-d57c-4c57-a6f7-094b3a6715f8}</UniqueIdentifier>
    </Filter>
    <Filter Include="Dialog">
      <UniqueIdentifier>{926466f9-0eab-4599-90a4-dfdeb1480304}</UniqueIdentifier>
    </Filter>
    <Filter Include="Dialog\Base">
      <UniqueIdentifier>{9527ef4b-ce4c-4249-a0df-b78342468bbc}</UniqueIdentifier>
    </Filter>
    <Filter Include="Window">
      <UniqueIdentifier>{de91bf0f-f3ed-49a6-8ff6-11682b4caf5f}</UniqueIdentifier>
    </Filter>
    <Filter Include="Window\Base">
      <UniqueIdentifier>{8d34fff9-d072-49be-ae4a-8cb6190d8541}</UniqueIdentifier>
    </Filter>
    <Filter Include="UserIO">
      <UniqueIdentifier>{2af7bc8b-8808-4877-bcad-aaa400539b6a}</UniqueIdentifier>
    </Filter>
    <Filter Include="Window\Controls">
      <UniqueIdentifier>{a62cd94a-3f54-4a13-8b59-dd05cf4766d9}</UniqueIdentifier>
    </Filter>
    <Filter Include="UserIO\Base">
      <UniqueIdentifier>{06e07ae4-512d-4159-ad55-8396df9a23fb}</UniqueIdentifier>
    </Filter>
    <Filter Include="TaskPanel">
      <UniqueIdentifier>{7e481373-07a6-4252-b555-3082d5aee76b}</UniqueIdentifier>
    </Filter>
    <Filter Include="SidePanel">
      <UniqueIdentifier>{ea858541-91e6-4605-bde9-be262877e562}</UniqueIdentifier>
    </Filter>
    <Filter Include="UserIO\Windows">
      <UniqueIdentifier>{4b055dd0-0455-41b4-9c23-846f14c04b3c}</UniqueIdentifier>
    </Filter>
  </ItemGroup>
  <ItemGroup>
    <ResourceCompile Include="DMI.rc">
      <Filter>.Main\Resource</Filter>
    </ResourceCompile>
  </ItemGroup>
</Project>